
Microsoft Visual Studio Solution File, Format Version 12.00
# Visual Studio Version 17
VisualStudioVersion = 17.7.34031.279
MinimumVisualStudioVersion = 10.0.40219.1
Project("{FAE04EC0-301F-11D3-BF4B-00C04F79EFBC}") = "ExceptionHandling", "ExceptionHandling\ExceptionHandling.csproj", "{3EB27130-0A5F-47AD-9A01-6D959C44225E}"
EndProject
Global
	GlobalSection(SolutionConfigurationPlatforms) = preSolution
		Debug|Any CPU = Debug|Any CPU
		Release|Any CPU = Release|Any CPU
	EndGlobalSection
	GlobalSection(ProjectConfigurationPlatforms) = postSolution
		{3EB27130-0A5F-47AD-9A01-6D959C44225E}.Debug|Any CPU.ActiveCfg = Debug|Any CPU
		{3EB27130-0A5F-47AD-9A01-6D959C44225E}.Debug|Any CPU.Build.0 = Debug|Any CPU
		{3EB27130-0A5F-47AD-9A01-6D959C44225E}.Release|Any CPU.ActiveCfg = Release|Any CPU
		{3EB27130-0A5F-47AD-9A01-6D959C44225E}.Release|Any CPU.Build.0 = Release|Any CPU
	EndGlobalSection
	GlobalSection(SolutionProperties) = preSolution
		HideSolutionNode = FALSE
	EndGlobalSection
	GlobalSection(ExtensibilityGlobals) = postSolution
		SolutionGuid = {EA95FE5A-6F66-4161-A42C-6609251ADC4C}
	EndGlobalSection
EndGlobal
